// !$*UTF8*$!
{
	archiveVersion = 1;
	classes = {
	};
	objectVersion = 50;
	objects = {

/* Begin PBXBuildFile section */
		1DBC2A8726F10BDC003F0DDC /* LandmarkRow.swift in Sources */ = {isa = PBXBuildFile; fileRef = 1DBC2A8626F10BDC003F0DDC /* LandmarkRow.swift */; };
		1DDA3AFF26E7C62C004F0926 /* LandmarksApp.swift in Sources */ = {isa = PBXBuildFile; fileRef = 1DDA3AFE26E7C62C004F0926 /* LandmarksApp.swift */; };
		1DDA3B0126E7C62C004F0926 /* ContentView.swift in Sources */ = {isa = PBXBuildFile; fileRef = 1DDA3B0026E7C62C004F0926 /* ContentView.swift */; };
		1DDA3B0326E7C62D004F0926 /* Assets.xcassets in Resources */ = {isa = PBXBuildFile; fileRef = 1DDA3B0226E7C62D004F0926 /* Assets.xcassets */; };
		1DDA3B0626E7C62D004F0926 /* Preview Assets.xcassets in Resources */ = {isa = PBXBuildFile; fileRef = 1DDA3B0526E7C62D004F0926 /* Preview Assets.xcassets */; };
		1DDA3B1126E7C62D004F0926 /* LandmarksTests.swift in Sources */ = {isa = PBXBuildFile; fileRef = 1DDA3B1026E7C62D004F0926 /* LandmarksTests.swift */; };
		1DDA3B1C26E7C62E004F0926 /* LandmarksUITests.swift in Sources */ = {isa = PBXBuildFile; fileRef = 1DDA3B1B26E7C62E004F0926 /* LandmarksUITests.swift */; };
		1DECDD382709D34C00E216C0 /* LandmarkList.swift in Sources */ = {isa = PBXBuildFile; fileRef = 1DECDD372709D34C00E216C0 /* LandmarkList.swift */; };
		1DECDD3A2709DFDA00E216C0 /* LandmarkDetail.swift in Sources */ = {isa = PBXBuildFile; fileRef = 1DECDD392709DFDA00E216C0 /* LandmarkDetail.swift */; };
		1DEEB8BD26EC88F800C73792 /* CircleImage.swift in Sources */ = {isa = PBXBuildFile; fileRef = 1DEEB8BC26EC88F800C73792 /* CircleImage.swift */; };
		1DEEB8BF26EC8F2400C73792 /* MapView.swift in Sources */ = {isa = PBXBuildFile; fileRef = 1DEEB8BE26EC8F2400C73792 /* MapView.swift */; };
		1DEEB8C126EDE89700C73792 /* landmarkData.json in Resources */ = {isa = PBXBuildFile; fileRef = 1DEEB8C026EDE89700C73792 /* landmarkData.json */; };
		1DEEB8C326EDFBB900C73792 /* Landmark.swift in Sources */ = {isa = PBXBuildFile; fileRef = 1DEEB8C226EDFBB900C73792 /* Landmark.swift */; };
		1DEEB8C526EE165400C73792 /* ModelData.swift in Sources */ = {isa = PBXBuildFile; fileRef = 1DEEB8C426EE165400C73792 /* ModelData.swift */; };
/* End PBXBuildFile section */

/* Begin PBXContainerItemProxy section */
		1DDA3B0D26E7C62D004F0926 /* PBXContainerItemProxy */ = {
			isa = PBXContainerItemProxy;
			containerPortal = 1DDA3AF326E7C62C004F0926 /* Project object */;
			proxyType = 1;
			remoteGlobalIDString = 1DDA3AFA26E7C62C004F0926;
			remoteInfo = Landmarks;
		};
		1DDA3B1826E7C62D004F0926 /* PBXContainerItemProxy */ = {
			isa = PBXContainerItemProxy;
			containerPortal = 1DDA3AF326E7C62C004F0926 /* Project object */;
			proxyType = 1;
			remoteGlobalIDString = 1DDA3AFA26E7C62C004F0926;
			remoteInfo = Landmarks;
		};
/* End PBXContainerItemProxy section */

/* Begin PBXFileReference section */
		1DBC2A8626F10BDC003F0DDC /* LandmarkRow.swift */ = {isa = PBXFileReference; lastKnownFileType = sourcecode.swift; path = LandmarkRow.swift; sourceTree = "<group>"; };
		1DDA3AFB26E7C62C004F0926 /* Landmarks.app */ = {isa = PBXFileReference; explicitFileType = wrapper.application; includeInIndex = 0; path = Landmarks.app; sourceTree = BUILT_PRODUCTS_DIR; };
		1DDA3AFE26E7C62C004F0926 /* LandmarksApp.swift */ = {isa = PBXFileReference; lastKnownFileType = sourcecode.swift; path = LandmarksApp.swift; sourceTree = "<group>"; };
		1DDA3B0026E7C62C004F0926 /* ContentView.swift */ = {isa = PBXFileReference; lastKnownFileType = sourcecode.swift; path = ContentView.swift; sourceTree = "<group>"; };
		1DDA3B0226E7C62D004F0926 /* Assets.xcassets */ = {isa = PBXFileReference; lastKnownFileType = folder.assetcatalog; path = Assets.xcassets; sourceTree = "<group>"; };
		1DDA3B0526E7C62D004F0926 /* Preview Assets.xcassets */ = {isa = PBXFileReference; lastKnownFileType = folder.assetcatalog; path = "Preview Assets.xcassets"; sourceTree = "<group>"; };
		1DDA3B0726E7C62D004F0926 /* Info.plist */ = {isa = PBXFileReference; lastKnownFileType = text.plist.xml; path = Info.plist; sourceTree = "<group>"; };
		1DDA3B0C26E7C62D004F0926 /* LandmarksTests.xctest */ = {isa = PBXFileReference; explicitFileType = wrapper.cfbundle; includeInIndex = 0; path = LandmarksTests.xctest; sourceTree = BUILT_PRODUCTS_DIR; };
		1DDA3B1026E7C62D004F0926 /* LandmarksTests.swift */ = {isa = PBXFileReference; lastKnownFileType = sourcecode.swift; path = LandmarksTests.swift; sourceTree = "<group>"; };
		1DDA3B1226E7C62D004F0926 /* Info.plist */ = {isa = PBXFileReference; lastKnownFileType = text.plist.xml; path = Info.plist; sourceTree = "<group>"; };
		1DDA3B1726E7C62D004F0926 /* LandmarksUITests.xctest */ = {isa = PBXFileReference; explicitFileType = wrapper.cfbundle; includeInIndex = 0; path = LandmarksUITests.xctest; sourceTree = BUILT_PRODUCTS_DIR; };
		1DDA3B1B26E7C62E004F0926 /* LandmarksUITests.swift */ = {isa = PBXFileReference; lastKnownFileType = sourcecode.swift; path = LandmarksUITests.swift; sourceTree = "<group>"; };
		1DDA3B1D26E7C62E004F0926 /* Info.plist */ = {isa = PBXFileReference; lastKnownFileType = text.plist.xml; path = Info.plist; sourceTree = "<group>"; };
		1DECDD372709D34C00E216C0 /* LandmarkList.swift */ = {isa = PBXFileReference; lastKnownFileType = sourcecode.swift; path = LandmarkList.swift; sourceTree = "<group>"; };
		1DECDD392709DFDA00E216C0 /* LandmarkDetail.swift */ = {isa = PBXFileReference; lastKnownFileType = sourcecode.swift; path = LandmarkDetail.swift; sourceTree = "<group>"; };
		1DEEB8BC26EC88F800C73792 /* CircleImage.swift */ = {isa = PBXFileReference; lastKnownFileType = sourcecode.swift; path = CircleImage.swift; sourceTree = "<group>"; };
		1DEEB8BE26EC8F2400C73792 /* MapView.swift */ = {isa = PBXFileReference; lastKnownFileType = sourcecode.swift; path = MapView.swift; sourceTree = "<group>"; };
		1DEEB8C026EDE89700C73792 /* landmarkData.json */ = {isa = PBXFileReference; fileEncoding = 4; lastKnownFileType = text.json; path = landmarkData.json; sourceTree = "<group>"; };
		1DEEB8C226EDFBB900C73792 /* Landmark.swift */ = {isa = PBXFileReference; lastKnownFileType = sourcecode.swift; path = Landmark.swift; sourceTree = "<group>"; };
		1DEEB8C426EE165400C73792 /* ModelData.swift */ = {isa = PBXFileReference; lastKnownFileType = sourcecode.swift; path = ModelData.swift; sourceTree = "<group>"; };
/* End PBXFileReference section */

/* Begin PBXFrameworksBuildPhase section */
		1DDA3AF826E7C62C004F0926 /* Frameworks */ = {
			isa = PBXFrameworksBuildPhase;
			buildActionMask = 2147483647;
			files = (
			);
			runOnlyForDeploymentPostprocessing = 0;
		};
		1DDA3B0926E7C62D004F0926 /* Frameworks */ = {
			isa = PBXFrameworksBuildPhase;
			buildActionMask = 2147483647;
			files = (
			);
			runOnlyForDeploymentPostprocessing = 0;
		};
		1DDA3B1426E7C62D004F0926 /* Frameworks */ = {
			isa = PBXFrameworksBuildPhase;
			buildActionMask = 2147483647;
			files = (
			);
			runOnlyForDeploymentPostprocessing = 0;
		};
/* End PBXFrameworksBuildPhase section */

/* Begin PBXGroup section */
		1D00C1C327CA07A800B27E04 /* New Group1 */ = {
			isa = PBXGroup;
			children = (
			);
			path = "New Group1";
			sourceTree = "<group>";
		};
		1DDA3AF226E7C62C004F0926 = {
			isa = PBXGroup;
			children = (
				1DDA3AFD26E7C62C004F0926 /* Landmarks */,
				1DDA3B0F26E7C62D004F0926 /* LandmarksTests */,
				1DDA3B1A26E7C62E004F0926 /* LandmarksUITests */,
				1DDA3AFC26E7C62C004F0926 /* Products */,
			);
			sourceTree = "<group>";
		};
		1DDA3AFC26E7C62C004F0926 /* Products */ = {
			isa = PBXGroup;
			children = (
				1DDA3AFB26E7C62C004F0926 /* Landmarks.app */,
				1DDA3B0C26E7C62D004F0926 /* LandmarksTests.xctest */,
				1DDA3B1726E7C62D004F0926 /* LandmarksUITests.xctest */,
			);
			name = Products;
			sourceTree = "<group>";
		};
		1DDA3AFD26E7C62C004F0926 /* Landmarks */ = {
			isa = PBXGroup;
			children = (
				1DBC2A8626F10BDC003F0DDC /* LandmarkRow.swift */,
				1DEEB8C826EE1C5A00C73792 /* Resources */,
				1DEEB8C726EE1C1100C73792 /* Model */,
				1DDA3AFE26E7C62C004F0926 /* LandmarksApp.swift */,
				1DEEB8C626EE1C0300C73792 /* Views */,
				1DDA3B0226E7C62D004F0926 /* Assets.xcassets */,
				1D00C1C327CA07A800B27E04 /* New Group1 */,
				1DEEB8BB26EC888B00C73792 /* New Group */,
				1DDA3B0726E7C62D004F0926 /* Info.plist */,
				1DDA3B0426E7C62D004F0926 /* Preview Content */,
			);
			path = Landmarks;
			sourceTree = "<group>";
		};
		1DDA3B0426E7C62D004F0926 /* Preview Content */ = {
			isa = PBXGroup;
			children = (
				1DDA3B0526E7C62D004F0926 /* Preview Assets.xcassets */,
			);
			path = "Preview Content";
			sourceTree = "<group>";
		};
		1DDA3B0F26E7C62D004F0926 /* LandmarksTests */ = {
			isa = PBXGroup;
			children = (
				1DDA3B1026E7C62D004F0926 /* LandmarksTests.swift */,
				1DDA3B1226E7C62D004F0926 /* Info.plist */,
			);
			path = LandmarksTests;
			sourceTree = "<group>";
		};
		1DDA3B1A26E7C62E004F0926 /* LandmarksUITests */ = {
			isa = PBXGroup;
			children = (
				1DDA3B1B26E7C62E004F0926 /* LandmarksUITests.swift */,
				1DDA3B1D26E7C62E004F0926 /* Info.plist */,
			);
			path = LandmarksUITests;
			sourceTree = "<group>";
		};
		1DEEB8BB26EC888B00C73792 /* New Group */ = {
			isa = PBXGroup;
			children = (
			);
			path = "New Group";
			sourceTree = "<group>";
		};
		1DEEB8C626EE1C0300C73792 /* Views */ = {
			isa = PBXGroup;
			children = (
				1DDA3B0026E7C62C004F0926 /* ContentView.swift */,
				1DEEB8BE26EC8F2400C73792 /* MapView.swift */,
				1DEEB8BC26EC88F800C73792 /* CircleImage.swift */,
				1DECDD372709D34C00E216C0 /* LandmarkList.swift */,
				1DECDD392709DFDA00E216C0 /* LandmarkDetail.swift */,
			);
			path = Views;
			sourceTree = "<group>";
		};
		1DEEB8C726EE1C1100C73792 /* Model */ = {
			isa = PBXGroup;
			children = (
				1DEEB8C426EE165400C73792 /* ModelData.swift */,
				1DEEB8C226EDFBB900C73792 /* Landmark.swift */,
			);
			path = Model;
			sourceTree = "<group>";
		};
		1DEEB8C826EE1C5A00C73792 /* Resources */ = {
			isa = PBXGroup;
			children = (
				1DEEB8C026EDE89700C73792 /* landmarkData.json */,
			);
			path = Resources;
			sourceTree = "<group>";
		};
/* End PBXGroup section */

/* Begin PBXNativeTarget section */
		1DDA3AFA26E7C62C004F0926 /* Landmarks */ = {
			isa = PBXNativeTarget;
			buildConfigurationList = 1DDA3B2026E7C62E004F0926 /* Build configuration list for PBXNativeTarget "Landmarks" */;
			buildPhases = (
				1DDA3AF726E7C62C004F0926 /* Sources */,
				1DDA3AF826E7C62C004F0926 /* Frameworks */,
				1DDA3AF926E7C62C004F0926 /* Resources */,
			);
			buildRules = (
			);
			dependencies = (
			);
			name = Landmarks;
			productName = Landmarks;
			productReference = 1DDA3AFB26E7C62C004F0926 /* Landmarks.app */;
			productType = "com.apple.product-type.application";
		};
		1DDA3B0B26E7C62D004F0926 /* LandmarksTests */ = {
			isa = PBXNativeTarget;
			buildConfigurationList = 1DDA3B2326E7C62E004F0926 /* Build configuration list for PBXNativeTarget "LandmarksTests" */;
			buildPhases = (
				1DDA3B0826E7C62D004F0926 /* Sources */,
				1DDA3B0926E7C62D004F0926 /* Frameworks */,
				1DDA3B0A26E7C62D004F0926 /* Resources */,
			);
			buildRules = (
			);
			dependencies = (
				1DDA3B0E26E7C62D004F0926 /* PBXTargetDependency */,
			);
			name = LandmarksTests;
			productName = LandmarksTests;
			productReference = 1DDA3B0C26E7C62D004F0926 /* LandmarksTests.xctest */;
			productType = "com.apple.product-type.bundle.unit-test";
		};
		1DDA3B1626E7C62D004F0926 /* LandmarksUITests */ = {
			isa = PBXNativeTarget;
			buildConfigurationList = 1DDA3B2626E7C62E004F0926 /* Build configuration list for PBXNativeTarget "LandmarksUITests" */;
			buildPhases = (
				1DDA3B1326E7C62D004F0926 /* Sources */,
				1DDA3B1426E7C62D004F0926 /* Frameworks */,
				1DDA3B1526E7C62D004F0926 /* Resources */,
			);
			buildRules = (
			);
			dependencies = (
				1DDA3B1926E7C62D004F0926 /* PBXTargetDependency */,
			);
			name = LandmarksUITests;
			productName = LandmarksUITests;
			productReference = 1DDA3B1726E7C62D004F0926 /* LandmarksUITests.xctest */;
			productType = "com.apple.product-type.bundle.ui-testing";
		};
/* End PBXNativeTarget section */

/* Begin PBXProject section */
		1DDA3AF326E7C62C004F0926 /* Project object */ = {
			isa = PBXProject;
			attributes = {
				LastSwiftUpdateCheck = 1250;
				LastUpgradeCheck = 1250;
				TargetAttributes = {
					1DDA3AFA26E7C62C004F0926 = {
						CreatedOnToolsVersion = 12.5.1;
					};
					1DDA3B0B26E7C62D004F0926 = {
						CreatedOnToolsVersion = 12.5.1;
						TestTargetID = 1DDA3AFA26E7C62C004F0926;
					};
					1DDA3B1626E7C62D004F0926 = {
						CreatedOnToolsVersion = 12.5.1;
						TestTargetID = 1DDA3AFA26E7C62C004F0926;
					};
				};
			};
			buildConfigurationList = 1DDA3AF626E7C62C004F0926 /* Build configuration list for PBXProject "Landmarks" */;
			compatibilityVersion = "Xcode 9.3";
			developmentRegion = en;
			hasScannedForEncodings = 0;
			knownRegions = (
				en,
				Base,
			);
			mainGroup = 1DDA3AF226E7C62C004F0926;
			productRefGroup = 1DDA3AFC26E7C62C004F0926 /* Products */;
			projectDirPath = "";
			projectRoot = "";
			targets = (
				1DDA3AFA26E7C62C004F0926 /* Landmarks */,
				1DDA3B0B26E7C62D004F0926 /* LandmarksTests */,
				1DDA3B1626E7C62D004F0926 /* LandmarksUITests */,
			);
		};
/* End PBXProject section */

/* Begin PBXResourcesBuildPhase section */
		1DDA3AF926E7C62C004F0926 /* Resources */ = {
			isa = PBXResourcesBuildPhase;
			buildActionMask = 2147483647;
			files = (
				1DDA3B0626E7C62D004F0926 /* Preview Assets.xcassets in Resources */,
				1DDA3B0326E7C62D004F0926 /* Assets.xcassets in Resources */,
				1DEEB8C126EDE89700C73792 /* landmarkData.json in Resources */,
			);
			runOnlyForDeploymentPostprocessing = 0;
		};
		1DDA3B0A26E7C62D004F0926 /* Resources */ = {
			isa = PBXResourcesBuildPhase;
			buildActionMask = 2147483647;
			files = (
			);
			runOnlyForDeploymentPostprocessing = 0;
		};
		1DDA3B1526E7C62D004F0926 /* Resources */ = {
			isa = PBXResourcesBuildPhase;
			buildActionMask = 2147483647;
			files = (
			);
			runOnlyForDeploymentPostprocessing = 0;
		};
/* End PBXResourcesBuildPhase section */

/* Begin PBXSourcesBuildPhase section */
		1DDA3AF726E7C62C004F0926 /* Sources */ = {
			isa = PBXSourcesBuildPhase;
			buildActionMask = 2147483647;
			files = (
				1DDA3B0126E7C62C004F0926 /* ContentView.swift in Sources */,
				1DEEB8C526EE165400C73792 /* ModelData.swift in Sources */,
				1DEEB8BF26EC8F2400C73792 /* MapView.swift in Sources */,
				1DECDD382709D34C00E216C0 /* LandmarkList.swift in Sources */,
				1DECDD3A2709DFDA00E216C0 /* LandmarkDetail.swift in Sources */,
				1DDA3AFF26E7C62C004F0926 /* LandmarksApp.swift in Sources */,
				1DEEB8BD26EC88F800C73792 /* CircleImage.swift in Sources */,
				1DBC2A8726F10BDC003F0DDC /* LandmarkRow.swift in Sources */,
				1DEEB8C326EDFBB900C73792 /* Landmark.swift in Sources */,
			);
			runOnlyForDeploymentPostprocessing = 0;
		};
		1DDA3B0826E7C62D004F0926 /* Sources */ = {
			isa = PBXSourcesBuildPhase;
			buildActionMask = 2147483647;
			files = (
				1DDA3B1126E7C62D004F0926 /* LandmarksTests.swift in Sources */,
			);
			runOnlyForDeploymentPostprocessing = 0;
		};
		1DDA3B1326E7C62D004F0926 /* Sources */ = {
			isa = PBXSourcesBuildPhase;
			buildActionMask = 2147483647;
			files = (
				1DDA3B1C26E7C62E004F0926 /* LandmarksUITests.swift in Sources */,
			);
			runOnlyForDeploymentPostprocessing = 0;
		};
/* End PBXSourcesBuildPhase section */

/* Begin PBXTargetDependency section */
		1DDA3B0E26E7C62D004F0926 /* PBXTargetDependency */ = {
			isa = PBXTargetDependency;
			target = 1DDA3AFA26E7C62C004F0926 /* Landmarks */;
			targetProxy = 1DDA3B0D26E7C62D004F0926 /* PBXContainerItemProxy */;
		};
		1DDA3B1926E7C62D004F0926 /* PBXTargetDependency */ = {
			isa = PBXTargetDependency;
			target = 1DDA3AFA26E7C62C004F0926 /* Landmarks */;
			targetProxy = 1DDA3B1826E7C62D004F0926 /* PBXContainerItemProxy */;
		};
/* End PBXTargetDependency section */

/* Begin XCBuildConfiguration section */
		1DDA3B1E26E7C62E004F0926 /* Debug */ = {
			isa = XCBuildConfiguration;
			buildSettings = {
				ALWAYS_SEARCH_USER_PATHS = NO;
				CLANG_ANALYZER_NONNULL = YES;
				CLANG_ANALYZER_NUMBER_OBJECT_CONVERSION = YES_AGGRESSIVE;
				CLANG_CXX_LANGUAGE_STANDARD = "gnu++14";
				CLANG_CXX_LIBRARY = "libc++";
				CLANG_ENABLE_MODULES = YES;
				CLANG_ENABLE_OBJC_ARC = YES;
				CLANG_ENABLE_OBJC_WEAK = YES;
				CLANG_WARN_BLOCK_CAPTURE_AUTORELEASING = YES;
				CLANG_WARN_BOOL_CONVERSION = YES;
				CLANG_WARN_COMMA = YES;
				CLANG_WARN_CONSTANT_CONVERSION = YES;
				CLANG_WARN_DEPRECATED_OBJC_IMPLEMENTATIONS = YES;
				CLANG_WARN_DIRECT_OBJC_ISA_USAGE = YES_ERROR;
				CLANG_WARN_DOCUMENTATION_COMMENTS = YES;
				CLANG_WARN_EMPTY_BODY = YES;
				CLANG_WARN_ENUM_CONVERSION = YES;
				CLANG_WARN_INFINITE_RECURSION = YES;
				CLANG_WARN_INT_CONVERSION = YES;
				CLANG_WARN_NON_LITERAL_NULL_CONVERSION = YES;
				CLANG_WARN_OBJC_IMPLICIT_RETAIN_SELF = YES;
				CLANG_WARN_OBJC_LITERAL_CONVERSION = YES;
				CLANG_WARN_OBJC_ROOT_CLASS = YES_ERROR;
				CLANG_WARN_QUOTED_INCLUDE_IN_FRAMEWORK_HEADER = YES;
				CLANG_WARN_RANGE_LOOP_ANALYSIS = YES;
				CLANG_WARN_STRICT_PROTOTYPES = YES;
				CLANG_WARN_SUSPICIOUS_MOVE = YES;
				CLANG_WARN_UNGUARDED_AVAILABILITY = YES_AGGRESSIVE;
				CLANG_WARN_UNREACHABLE_CODE = YES;
				CLANG_WARN__DUPLICATE_METHOD_MATCH = YES;
				COPY_PHASE_STRIP = NO;
				DEBUG_INFORMATION_FORMAT = dwarf;
				ENABLE_STRICT_OBJC_MSGSEND = YES;
				ENABLE_TESTABILITY = YES;
				GCC_C_LANGUAGE_STANDARD = gnu11;
				GCC_DYNAMIC_NO_PIC = NO;
				GCC_NO_COMMON_BLOCKS = YES;
				GCC_OPTIMIZATION_LEVEL = 0;
				GCC_PREPROCESSOR_DEFINITIONS = (
					"DEBUG=1",
					"$(inherited)",
				);
				GCC_WARN_64_TO_32_BIT_CONVERSION = YES;
				GCC_WARN_ABOUT_RETURN_TYPE = YES_ERROR;
				GCC_WARN_UNDECLARED_SELECTOR = YES;
				GCC_WARN_UNINITIALIZED_AUTOS = YES_AGGRESSIVE;
				GCC_WARN_UNUSED_FUNCTION = YES;
				GCC_WARN_UNUSED_VARIABLE = YES;
				IPHONEOS_DEPLOYMENT_TARGET = 14.5;
				MTL_ENABLE_DEBUG_INFO = INCLUDE_SOURCE;
				MTL_FAST_MATH = YES;
				ONLY_ACTIVE_ARCH = YES;
				SDKROOT = iphoneos;
				SWIFT_ACTIVE_COMPILATION_CONDITIONS = DEBUG;
				SWIFT_OPTIMIZATION_LEVEL = "-Onone";
			};
			name = Debug;
		};
		1DDA3B1F26E7C62E004F0926 /* Release */ = {
			isa = XCBuildConfiguration;
			buildSettings = {
				ALWAYS_SEARCH_USER_PATHS = NO;
				CLANG_ANALYZER_NONNULL = YES;
				CLANG_ANALYZER_NUMBER_OBJECT_CONVERSION = YES_AGGRESSIVE;
				CLANG_CXX_LANGUAGE_STANDARD = "gnu++14";
				CLANG_CXX_LIBRARY = "libc++";
				CLANG_ENABLE_MODULES = YES;
				CLANG_ENABLE_OBJC_ARC = YES;
				CLANG_ENABLE_OBJC_WEAK = YES;
				CLANG_WARN_BLOCK_CAPTURE_AUTORELEASING = YES;
				CLANG_WARN_BOOL_CONVERSION = YES;
				CLANG_WARN_COMMA = YES;
				CLANG_WARN_CONSTANT_CONVERSION = YES;
				CLANG_WARN_DEPRECATED_OBJC_IMPLEMENTATIONS = YES;
				CLANG_WARN_DIRECT_OBJC_ISA_USAGE = YES_ERROR;
				CLANG_WARN_DOCUMENTATION_COMMENTS = YES;
				CLANG_WARN_EMPTY_BODY = YES;
				CLANG_WARN_ENUM_CONVERSION = YES;
				CLANG_WARN_INFINITE_RECURSION = YES;
				CLANG_WARN_INT_CONVERSION = YES;
				CLANG_WARN_NON_LITERAL_NULL_CONVERSION = YES;
				CLANG_WARN_OBJC_IMPLICIT_RETAIN_SELF = YES;
				CLANG_WARN_OBJC_LITERAL_CONVERSION = YES;
				CLANG_WARN_OBJC_ROOT_CLASS = YES_ERROR;
				CLANG_WARN_QUOTED_INCLUDE_IN_FRAMEWORK_HEADER = YES;
				CLANG_WARN_RANGE_LOOP_ANALYSIS = YES;
				CLANG_WARN_STRICT_PROTOTYPES = YES;
				CLANG_WARN_SUSPICIOUS_MOVE = YES;
				CLANG_WARN_UNGUARDED_AVAILABILITY = YES_AGGRESSIVE;
				CLANG_WARN_UNREACHABLE_CODE = YES;
				CLANG_WARN__DUPLICATE_METHOD_MATCH = YES;
				COPY_PHASE_STRIP = NO;
				DEBUG_INFORMATION_FORMAT = "dwarf-with-dsym";
				ENABLE_NS_ASSERTIONS = NO;
				ENABLE_STRICT_OBJC_MSGSEND = YES;
				GCC_C_LANGUAGE_STANDARD = gnu11;
				GCC_NO_COMMON_BLOCKS = YES;
				GCC_WARN_64_TO_32_BIT_CONVERSION = YES;
				GCC_WARN_ABOUT_RETURN_TYPE = YES_ERROR;
				GCC_WARN_UNDECLARED_SELECTOR = YES;
				GCC_WARN_UNINITIALIZED_AUTOS = YES_AGGRESSIVE;
				GCC_WARN_UNUSED_FUNCTION = YES;
				GCC_WARN_UNUSED_VARIABLE = YES;
				IPHONEOS_DEPLOYMENT_TARGET = 14.5;
				MTL_ENABLE_DEBUG_INFO = NO;
				MTL_FAST_MATH = YES;
				SDKROOT = iphoneos;
				SWIFT_COMPILATION_MODE = wholemodule;
				SWIFT_OPTIMIZATION_LEVEL = "-O";
				VALIDATE_PRODUCT = YES;
			};
			name = Release;
		};
		1DDA3B2126E7C62E004F0926 /* Debug */ = {
			isa = XCBuildConfiguration;
			buildSettings = {
				ASSETCATALOG_COMPILER_APPICON_NAME = AppIcon;
				ASSETCATALOG_COMPILER_GLOBAL_ACCENT_COLOR_NAME = AccentColor;
				CODE_SIGN_STYLE = Automatic;
				DEVELOPMENT_ASSET_PATHS = "\"Landmarks/Preview Content\"";
				DEVELOPMENT_TEAM = C7XWLFV473;
				ENABLE_PREVIEWS = YES;
				INFOPLIST_FILE = Landmarks/Info.plist;
				IPHONEOS_DEPLOYMENT_TARGET = 14.0;
				LD_RUNPATH_SEARCH_PATHS = (
					"$(inherited)",
					"@executable_path/Frameworks",
				);
				PRODUCT_BUNDLE_IDENTIFIER = "-.Landmarks";
				PRODUCT_NAME = "$(TARGET_NAME)";
				SWIFT_VERSION = 5.0;
				TARGETED_DEVICE_FAMILY = "1,2";
			};
			name = Debug;
		};
		1DDA3B2226E7C62E004F0926 /* Release */ = {
			isa = XCBuildConfiguration;
			buildSettings = {
				ASSETCATALOG_COMPILER_APPICON_NAME = AppIcon;
				ASSETCATALOG_COMPILER_GLOBAL_ACCENT_COLOR_NAME = AccentColor;
				CODE_SIGN_STYLE = Automatic;
				DEVELOPMENT_ASSET_PATHS = "\"Landmarks/Preview Content\"";
				DEVELOPMENT_TEAM = C7XWLFV473;
				ENABLE_PREVIEWS = YES;
				INFOPLIST_FILE = Landmarks/Info.plist;
				IPHONEOS_DEPLOYMENT_TARGET = 14.0;
				LD_RUNPATH_SEARCH_PATHS = (
					"$(inherited)",
					"@executable_path/Frameworks",
				);
				PRODUCT_BUNDLE_IDENTIFIER = "-.Landmarks";
				PRODUCT_NAME = "$(TARGET_NAME)";
				SWIFT_VERSION = 5.0;
				TARGETED_DEVICE_FAMILY = "1,2";
			};
			name = Release;
		};
		1DDA3B2426E7C62E004F0926 /* Debug */ = {
			isa = XCBuildConfiguration;
			buildSettings = {
				ALWAYS_EMBED_SWIFT_STANDARD_LIBRARIES = YES;
				BUNDLE_LOADER = "$(TEST_HOST)";
				CODE_SIGN_STYLE = Automatic;
				DEVELOPMENT_TEAM = C7XWLFV473;
				INFOPLIST_FILE = LandmarksTests/Info.plist;
				IPHONEOS_DEPLOYMENT_TARGET = 14.0;
				LD_RUNPATH_SEARCH_PATHS = (
					"$(inherited)",
					"@executable_path/Frameworks",
					"@loader_path/Frameworks",
				);
				PRODUCT_BUNDLE_IDENTIFIER = "-.LandmarksTests";
				PRODUCT_NAME = "$(TARGET_NAME)";
				SWIFT_VERSION = 5.0;
				TARGETED_DEVICE_FAMILY = "1,2";
				TEST_HOST = "$(BUILT_PRODUCTS_DIR)/Landmarks.app/Landmarks";
			};
			name = Debug;
		};
		1DDA3B2526E7C62E004F0926 /* Release */ = {
			isa = XCBuildConfiguration;
			buildSettings = {
				ALWAYS_EMBED_SWIFT_STANDARD_LIBRARIES = YES;
				BUNDLE_LOADER = "$(TEST_HOST)";
				CODE_SIGN_STYLE = Automatic;
				DEVELOPMENT_TEAM = C7XWLFV473;
				INFOPLIST_FILE = LandmarksTests/Info.plist;
				IPHONEOS_DEPLOYMENT_TARGET = 14.0;
				LD_RUNPATH_SEARCH_PATHS = (
					"$(inherited)",
					"@executable_path/Frameworks",
					"@loader_path/Frameworks",
				);
				PRODUCT_BUNDLE_IDENTIFIER = "-.LandmarksTests";
				PRODUCT_NAME = "$(TARGET_NAME)";
				SWIFT_VERSION = 5.0;
				TARGETED_DEVICE_FAMILY = "1,2";
				TEST_HOST = "$(BUILT_PRODUCTS_DIR)/Landmarks.app/Landmarks";
			};
			name = Release;
		};
		1DDA3B2726E7C62E004F0926 /* Debug */ = {
			isa = XCBuildConfiguration;
			buildSettings = {
				ALWAYS_EMBED_SWIFT_STANDARD_LIBRARIES = YES;
				CODE_SIGN_STYLE = Automatic;
				DEVELOPMENT_TEAM = C7XWLFV473;
				INFOPLIST_FILE = LandmarksUITests/Info.plist;
				LD_RUNPATH_SEARCH_PATHS = (
					"$(inherited)",
					"@executable_path/Frameworks",
					"@loader_path/Frameworks",
				);
				PRODUCT_BUNDLE_IDENTIFIER = "-.LandmarksUITests";
				PRODUCT_NAME = "$(TARGET_NAME)";
				SWIFT_VERSION = 5.0;
				TARGETED_DEVICE_FAMILY = "1,2";
				TEST_TARGET_NAME = Landmarks;
			};
			name = Debug;
		};
		1DDA3B2826E7C62E004F0926 /* Release */ = {
			isa = XCBuildConfiguration;
			buildSettings = {
				ALWAYS_EMBED_SWIFT_STANDARD_LIBRARIES = YES;
				CODE_SIGN_STYLE = Automatic;
				DEVELOPMENT_TEAM = C7XWLFV473;
				INFOPLIST_FILE = LandmarksUITests/Info.plist;
				LD_RUNPATH_SEARCH_PATHS = (
					"$(inherited)",
					"@executable_path/Frameworks",
					"@loader_path/Frameworks",
				);
				PRODUCT_BUNDLE_IDENTIFIER = "-.LandmarksUITests";
				PRODUCT_NAME = "$(TARGET_NAME)";
				SWIFT_VERSION = 5.0;
				TARGETED_DEVICE_FAMILY = "1,2";
				TEST_TARGET_NAME = Landmarks;
			};
			name = Release;
		};
/* End XCBuildConfiguration section */

/* Begin XCConfigurationList section */
		1DDA3AF626E7C62C004F0926 /* Build configuration list for PBXProject "Landmarks" */ = {
			isa = XCConfigurationList;
			buildConfigurations = (
				1DDA3B1E26E7C62E004F0926 /* Debug */,
				1DDA3B1F26E7C62E004F0926 /* Release */,
			);
			defaultConfigurationIsVisible = 0;
			defaultConfigurationName = Release;
		};
		1DDA3B2026E7C62E004F0926 /* Build configuration list for PBXNativeTarget "Landmarks" */ = {
			isa = XCConfigurationList;
			buildConfigurations = (
				1DDA3B2126E7C62E004F0926 /* Debug */,
				1DDA3B2226E7C62E004F0926 /* Release */,
			);
			defaultConfigurationIsVisible = 0;
			defaultConfigurationName = Release;
		};
		1DDA3B2326E7C62E004F0926 /* Build configuration list for PBXNativeTarget "LandmarksTests" */ = {
			isa = XCConfigurationList;
			buildConfigurations = (
				1DDA3B2426E7C62E004F0926 /* Debug */,
				1DDA3B2526E7C62E004F0926 /* Release */,
			);
			defaultConfigurationIsVisible = 0;
			defaultConfigurationName = Release;
		};
		1DDA3B2626E7C62E004F0926 /* Build configuration list for PBXNativeTarget "LandmarksUITests" */ = {
			isa = XCConfigurationList;
			buildConfigurations = (
				1DDA3B2726E7C62E004F0926 /* Debug */,
				1DDA3B2826E7C62E004F0926 /* Release */,
			);
			defaultConfigurationIsVisible = 0;
			defaultConfigurationName = Release;
		};
/* End XCConfigurationList section */
	};
	rootObject = 1DDA3AF326E7C62C004F0926 /* Project object */;
}
